// !$*UTF8*$!
{
	archiveVersion = 1;
	classes = {
	};
	objectVersion = 46;
	objects = {

/* Begin PBXBuildFile section */
		63FF75041C5E868700109C51 /* AppDelegate.swift in Sources */ = {isa = PBXBuildFile; fileRef = 63FF75031C5E868700109C51 /* AppDelegate.swift */; };
		63FF75061C5E868700109C51 /* ViewController.swift in Sources */ = {isa = PBXBuildFile; fileRef = 63FF75051C5E868700109C51 /* ViewController.swift */; };
		63FF75091C5E868700109C51 /* Main.storyboard in Resources */ = {isa = PBXBuildFile; fileRef = 63FF75071C5E868700109C51 /* Main.storyboard */; };
		63FF750C1C5E868700109C51 /* RateTheMovie.xcdatamodeld in Sources */ = {isa = PBXBuildFile; fileRef = 63FF750A1C5E868700109C51 /* RateTheMovie.xcdatamodeld */; };
		63FF750E1C5E868700109C51 /* Assets.xcassets in Resources */ = {isa = PBXBuildFile; fileRef = 63FF750D1C5E868700109C51 /* Assets.xcassets */; };
		63FF75111C5E868700109C51 /* LaunchScreen.storyboard in Resources */ = {isa = PBXBuildFile; fileRef = 63FF750F1C5E868700109C51 /* LaunchScreen.storyboard */; };
/* End PBXBuildFile section */

/* Begin PBXFileReference section */
		63FF75001C5E868700109C51 /* RateTheMovie.app */ = {isa = PBXFileReference; explicitFileType = wrapper.application; includeInIndex = 0; path = RateTheMovie.app; sourceTree = BUILT_PRODUCTS_DIR; };
		63FF75031C5E868700109C51 /* AppDelegate.swift */ = {isa = PBXFileReference; lastKnownFileType = sourcecode.swift; path = AppDelegate.swift; sourceTree = "<group>"; };
		63FF75051C5E868700109C51 /* ViewController.swift */ = {isa = PBXFileReference; lastKnownFileType = sourcecode.swift; path = ViewController.swift; sourceTree = "<group>"; };
		63FF75081C5E868700109C51 /* Base */ = {isa = PBXFileReference; lastKnownFileType = file.storyboard; name = Base; path = Base.lproj/Main.storyboard; sourceTree = "<group>"; };
		63FF750B1C5E868700109C51 /* RateTheMovie.xcdatamodel */ = {isa = PBXFileReference; lastKnownFileType = wrapper.xcdatamodel; path = RateTheMovie.xcdatamodel; sourceTree = "<group>"; };
		63FF750D1C5E868700109C51 /* Assets.xcassets */ = {isa = PBXFileReference; lastKnownFileType = folder.assetcatalog; path = Assets.xcassets; sourceTree = "<group>"; };
		63FF75101C5E868700109C51 /* Base */ = {isa = PBXFileReference; lastKnownFileType = file.storyboard; name = Base; path = Base.lproj/LaunchScreen.storyboard; sourceTree = "<group>"; };
		63FF75121C5E868700109C51 /* Info.plist */ = {isa = PBXFileReference; lastKnownFileType = text.plist.xml; path = Info.plist; sourceTree = "<group>"; };
/* End PBXFileReference section */

/* Begin PBXFrameworksBuildPhase section */
		63FF74FD1C5E868700109C51 /* Frameworks */ = {
			isa = PBXFrameworksBuildPhase;
			buildActionMask = 2147483647;
			files = (
			);
			runOnlyForDeploymentPostprocessing = 0;
		};
/* End PBXFrameworksBuildPhase section */

/* Begin PBXGroup section */
		63FF74F71C5E868700109C51 = {
			isa = PBXGroup;
			children = (
				63FF75021C5E868700109C51 /* RateTheMovie */,
				63FF75011C5E868700109C51 /* Products */,
			);
			sourceTree = "<group>";
		};
		63FF75011C5E868700109C51 /* Products */ = {
			isa = PBXGroup;
			children = (
				63FF75001C5E868700109C51 /* RateTheMovie.app */,
			);
			name = Products;
			sourceTree = "<group>";
		};
		63FF75021C5E868700109C51 /* RateTheMovie */ = {
			isa = PBXGroup;
			children = (
				63FF75031C5E868700109C51 /* AppDelegate.swift */,
				63FF75051C5E868700109C51 /* ViewController.swift */,
				63FF75071C5E868700109C51 /* Main.storyboard */,
				63FF750D1C5E868700109C51 /* Assets.xcassets */,
				63FF750F1C5E868700109C51 /* LaunchScreen.storyboard */,
				63FF75121C5E868700109C51 /* Info.plist */,
				63FF750A1C5E868700109C51 /* RateTheMovie.xcdatamodeld */,
			);
			path = RateTheMovie;
			sourceTree = "<group>";
		};
/* End PBXGroup section */

/* Begin PBXNativeTarget section */
		63FF74FF1C5E868700109C51 /* RateTheMovie */ = {
			isa = PBXNativeTarget;
			buildConfigurationList = 63FF75151C5E868700109C51 /* Build configuration list for PBXNativeTarget "RateTheMovie" */;
			buildPhases = (
				63FF74FC1C5E868700109C51 /* Sources */,
				63FF74FD1C5E868700109C51 /* Frameworks */,
				63FF74FE1C5E868700109C51 /* Resources */,
			);
			buildRules = (
			);
			dependencies = (
			);
			name = RateTheMovie;
			productName = RateTheMovie;
			productReference = 63FF75001C5E868700109C51 /* RateTheMovie.app */;
			productType = "com.apple.product-type.application";
		};
/* End PBXNativeTarget section */

/* Begin PBXProject section */
		63FF74F81C5E868700109C51 /* Project object */ = {
			isa = PBXProject;
			attributes = {
				LastSwiftUpdateCheck = 0720;
				LastUpgradeCheck = 0720;
				ORGANIZATIONNAME = "Stefan Jansen";
				TargetAttributes = {
					63FF74FF1C5E868700109C51 = {
						CreatedOnToolsVersion = 7.2;
					};
				};
			};
			buildConfigurationList = 63FF74FB1C5E868700109C51 /* Build configuration list for PBXProject "RateTheMovie" */;
			compatibilityVersion = "Xcode 3.2";
			developmentRegion = English;
			hasScannedForEncodings = 0;
			knownRegions = (
				en,
				Base,
			);
			mainGroup = 63FF74F71C5E868700109C51;
			productRefGroup = 63FF75011C5E868700109C51 /* Products */;
			projectDirPath = "";
			projectRoot = "";
			targets = (
				63FF74FF1C5E868700109C51 /* RateTheMovie */,
			);
		};
/* End PBXProject section */

/* Begin PBXResourcesBuildPhase section */
		63FF74FE1C5E868700109C51 /* Resources */ = {
			isa = PBXResourcesBuildPhase;
			buildActionMask = 2147483647;
			files = (
				63FF75111C5E868700109C51 /* LaunchScreen.storyboard in Resources */,
				63FF750E1C5E868700109C51 /* Assets.xcassets in Resources */,
				63FF75091C5E868700109C51 /* Main.storyboard in Resources */,
			);
			runOnlyForDeploymentPostprocessing = 0;
		};
/* End PBXResourcesBuildPhase section */

/* Begin PBXSourcesBuildPhase section */
		63FF74FC1C5E868700109C51 /* Sources */ = {
			isa = PBXSourcesBuildPhase;
			buildActionMask = 2147483647;
			files = (
				63FF75061C5E868700109C51 /* ViewController.swift in Sources */,
				63FF75041C5E868700109C51 /* AppDelegate.swift in Sources */,
				63FF750C1C5E868700109C51 /* RateTheMovie.xcdatamodeld in Sources */,
			);
			runOnlyForDeploymentPostprocessing = 0;
		};
/* End PBXSourcesBuildPhase section */

/* Begin PBXVariantGroup section */
		63FF75071C5E868700109C51 /* Main.storyboard */ = {
			isa = PBXVariantGroup;
			children = (
				63FF75081C5E868700109C51 /* Base */,
			);
			name = Main.storyboard;
			sourceTree = "<group>";
		};
		63FF750F1C5E868700109C51 /* LaunchScreen.storyboard */ = {
			isa = PBXVariantGroup;
			children = (
				63FF75101C5E868700109C51 /* Base */,
			);
			name = LaunchScreen.storyboard;
			sourceTree = "<group>";
		};
/* End PBXVariantGroup section */

/* Begin XCBuildConfiguration section */
		63FF75131C5E868700109C51 /* Debug */ = {
			isa = XCBuildConfiguration;
			buildSettings = {
				ALWAYS_SEARCH_USER_PATHS = NO;
				CLANG_CXX_LANGUAGE_STANDARD = "gnu++0x";
				CLANG_CXX_LIBRARY = "libc++";
				CLANG_ENABLE_MODULES = YES;
				CLANG_ENABLE_OBJC_ARC = YES;
				CLANG_WARN_BOOL_CONVERSION = YES;
				CLANG_WARN_CONSTANT_CONVERSION = YES;
				CLANG_WARN_DIRECT_OBJC_ISA_USAGE = YES_ERROR;
				CLANG_WARN_EMPTY_BODY = YES;
				CLANG_WARN_ENUM_CONVERSION = YES;
				CLANG_WARN_INT_CONVERSION = YES;
				CLANG_WARN_OBJC_ROOT_CLASS = YES_ERROR;
				CLANG_WARN_UNREACHABLE_CODE = YES;
				CLANG_WARN__DUPLICATE_METHOD_MATCH = YES;
				"CODE_SIGN_IDENTITY[sdk=iphoneos*]" = "iPhone Developer";
				COPY_PHASE_STRIP = NO;
				DEBUG_INFORMATION_FORMAT = dwarf;
				ENABLE_STRICT_OBJC_MSGSEND = YES;
				ENABLE_TESTABILITY = YES;
				GCC_C_LANGUAGE_STANDARD = gnu99;
				GCC_DYNAMIC_NO_PIC = NO;
				GCC_NO_COMMON_BLOCKS = YES;
				GCC_OPTIMIZATION_LEVEL = 0;
				GCC_PREPROCESSOR_DEFINITIONS = (
					"DEBUG=1",
					"$(inherited)",
				);
				GCC_WARN_64_TO_32_BIT_CONVERSION = YES;
				GCC_WARN_ABOUT_RETURN_TYPE = YES_ERROR;
				GCC_WARN_UNDECLARED_SELECTOR = YES;
				GCC_WARN_UNINITIALIZED_AUTOS = YES_AGGRESSIVE;
				GCC_WARN_UNUSED_FUNCTION = YES;
				GCC_WARN_UNUSED_VARIABLE = YES;
				IPHONEOS_DEPLOYMENT_TARGET = 9.2;
				MTL_ENABLE_DEBUG_INFO = YES;
				ONLY_ACTIVE_ARCH = YES;
				SDKROOT = iphoneos;
				SWIFT_OPTIMIZATION_LEVEL = "-Onone";
			};
			name = Debug;
		};
		63FF75141C5E868700109C51 /* Release */ = {
			isa = XCBuildConfiguration;
			buildSettings = {
				ALWAYS_SEARCH_USER_PATHS = NO;
				CLANG_CXX_LANGUAGE_STANDARD = "gnu++0x";
				CLANG_CXX_LIBRARY = "libc++";
				CLANG_ENABLE_MODULES = YES;
				CLANG_ENABLE_OBJC_ARC = YES;
				CLANG_WARN_BOOL_CONVERSION = YES;
				CLANG_WARN_CONSTANT_CONVERSION = YES;
				CLANG_WARN_DIRECT_OBJC_ISA_USAGE = YES_ERROR;
				CLANG_WARN_EMPTY_BODY = YES;
				CLANG_WARN_ENUM_CONVERSION = YES;
				CLANG_WARN_INT_CONVERSION = YES;
				CLANG_WARN_OBJC_ROOT_CLASS = YES_ERROR;
				CLANG_WARN_UNREACHABLE_CODE = YES;
				CLANG_WARN__DUPLICATE_METHOD_MATCH = YES;
				"CODE_SIGN_IDENTITY[sdk=iphoneos*]" = "iPhone Developer";
				COPY_PHASE_STRIP = NO;
				DEBUG_INFORMATION_FORMAT = "dwarf-with-dsym";
				ENABLE_NS_ASSERTIONS = NO;
				ENABLE_STRICT_OBJC_MSGSEND = YES;
				GCC_C_LANGUAGE_STANDARD = gnu99;
				GCC_NO_COMMON_BLOCKS = YES;
				GCC_WARN_64_TO_32_BIT_CONVERSION = YES;
				GCC_WARN_ABOUT_RETURN_TYPE = YES_ERROR;
				GCC_WARN_UNDECLARED_SELECTOR = YES;
				GCC_WARN_UNINITIALIZED_AUTOS = YES_AGGRESSIVE;
				GCC_WARN_UNUSED_FUNCTION = YES;
				GCC_WARN_UNUSED_VARIABLE = YES;
				IPHONEOS_DEPLOYMENT_TARGET = 9.2;
				MTL_ENABLE_DEBUG_INFO = NO;
				SDKROOT = iphoneos;
				VALIDATE_PRODUCT = YES;
			};
			name = Release;
		};
		63FF75161C5E868700109C51 /* Debug */ = {
			isa = XCBuildConfiguration;
			buildSettings = {
				ASSETCATALOG_COMPILER_APPICON_NAME = AppIcon;
				INFOPLIST_FILE = RateTheMovie/Info.plist;
				LD_RUNPATH_SEARCH_PATHS = "$(inherited) @executable_path/Frameworks";
				PRODUCT_BUNDLE_IDENTIFIER = "Stefan-Jansen.RateTheMovie";
				PRODUCT_NAME = "$(TARGET_NAME)";
			};
			name = Debug;
		};
		63FF75171C5E868700109C51 /* Release */ = {
			isa = XCBuildConfiguration;
			buildSettings = {
				ASSETCATALOG_COMPILER_APPICON_NAME = AppIcon;
				INFOPLIST_FILE = RateTheMovie/Info.plist;
				LD_RUNPATH_SEARCH_PATHS = "$(inherited) @executable_path/Frameworks";
				PRODUCT_BUNDLE_IDENTIFIER = "Stefan-Jansen.RateTheMovie";
				PRODUCT_NAME = "$(TARGET_NAME)";
			};
			name = Release;
		};
/* End XCBuildConfiguration section */

/* Begin XCConfigurationList section */
		63FF74FB1C5E868700109C51 /* Build configuration list for PBXProject "RateTheMovie" */ = {
			isa = XCConfigurationList;
			buildConfigurations = (
				63FF75131C5E868700109C51 /* Debug */,
				63FF75141C5E868700109C51 /* Release */,
			);
			defaultConfigurationIsVisible = 0;
			defaultConfigurationName = Release;
		};
		63FF75151C5E868700109C51 /* Build configuration list for PBXNativeTarget "RateTheMovie" */ = {
			isa = XCConfigurationList;
			buildConfigurations = (
				63FF75161C5E868700109C51 /* Debug */,
				63FF75171C5E868700109C51 /* Release */,
			);
			defaultConfigurationIsVisible = 0;
		};
/* End XCConfigurationList section */

/* Begin XCVersionGroup section */
		63FF750A1C5E868700109C51 /* RateTheMovie.xcdatamodeld */ = {
			isa = XCVersionGroup;
			children = (
				63FF750B1C5E868700109C51 /* RateTheMovie.xcdatamodel */,
			);
			currentVersion = 63FF750B1C5E868700109C51 /* RateTheMovie.xcdatamodel */;
			path = RateTheMovie.xcdatamodeld;
			sourceTree = "<group>";
			versionGroupType = wrapper.xcdatamodel;
		};
/* End XCVersionGroup section */
	};
	rootObject = 63FF74F81C5E868700109C51 /* Project object */;
}
